
Microsoft Visual Studio Solution File, Format Version 12.00
# Visual Studio Version 16
VisualStudioVersion = 16.0.31025.194
MinimumVisualStudioVersion = 10.0.40219.1
Project("{8BC9CEB8-8B4A-11D0-8D11-00A0C91BC942}") = "lab2_prblm1", "lab2_prblm1\lab2_prblm1.vcxproj", "{746BA433-B9A8-4613-A951-38E84A93F077}"
EndProject
Global
	GlobalSection(SolutionConfigurationPlatforms) = preSolution
		Debug|x64 = Debug|x64
		Debug|x86 = Debug|x86
		Release|x64 = Release|x64
		Release|x86 = Release|x86
	EndGlobalSection
	GlobalSection(ProjectConfigurationPlatforms) = postSolution
		{746BA433-B9A8-4613-A951-38E84A93F077}.Debug|x64.ActiveCfg = Debug|x64
		{746BA433-B9A8-4613-A951-38E84A93F077}.Debug|x64.Build.0 = Debug|x64
		{746BA433-B9A8-4613-A951-38E84A93F077}.Debug|x86.ActiveCfg = Debug|Win32
		{746BA433-B9A8-4613-A951-38E84A93F077}.Debug|x86.Build.0 = Debug|Win32
		{746BA433-B9A8-4613-A951-38E84A93F077}.Release|x64.ActiveCfg = Release|x64
		{746BA433-B9A8-4613-A951-38E84A93F077}.Release|x64.Build.0 = Release|x64
		{746BA433-B9A8-4613-A951-38E84A93F077}.Release|x86.ActiveCfg = Release|Win32
		{746BA433-B9A8-4613-A951-38E84A93F077}.Release|x86.Build.0 = Release|Win32
	EndGlobalSection
	GlobalSection(SolutionProperties) = preSolution
		HideSolutionNode = FALSE
	EndGlobalSection
	GlobalSection(ExtensibilityGlobals) = postSolution
		SolutionGuid = {BE6435C7-7943-47DF-8F45-F401A6660705}
	EndGlobalSection
EndGlobal
